// !$*UTF8*$!
{
	archiveVersion = 1;
	classes = {
	};
	objectVersion = 51;
	objects = {

/* Begin PBXBuildFile section */
		445DD0E23E29104C9A43DF33 /* Pods_Work_It.framework in Frameworks */ = {isa = PBXBuildFile; fileRef = FCD0F8541A44771AC0FDFD1B /* Pods_Work_It.framework */; };
		4F08B74824E5B6B7004FE8F7 /* OFL.txt in Resources */ = {isa = PBXBuildFile; fileRef = 4F08B73524E5B6B6004FE8F7 /* OFL.txt */; };
		4F0E7A1C251787A5002A5916 /* Poppins-Black.ttf in Resources */ = {isa = PBXBuildFile; fileRef = 4F8666F4251663CD0069E8E5 /* Poppins-Black.ttf */; };
		4F0E7A1D251787A5002A5916 /* Poppins-BlackItalic.ttf in Resources */ = {isa = PBXBuildFile; fileRef = 4F8666F6251663CE0069E8E5 /* Poppins-BlackItalic.ttf */; };
		4F0E7A1E251787A5002A5916 /* Poppins-Bold.ttf in Resources */ = {isa = PBXBuildFile; fileRef = 4F8666FD251663D00069E8E5 /* Poppins-Bold.ttf */; };
		4F0E7A1F251787A5002A5916 /* Poppins-BoldItalic.ttf in Resources */ = {isa = PBXBuildFile; fileRef = 4F8666EF251663CC0069E8E5 /* Poppins-BoldItalic.ttf */; };
		4F0E7A20251787A5002A5916 /* Poppins-ExtraBold.ttf in Resources */ = {isa = PBXBuildFile; fileRef = 4F8666ED251663CC0069E8E5 /* Poppins-ExtraBold.ttf */; };
		4F0E7A21251787A5002A5916 /* Poppins-ExtraBoldItalic.ttf in Resources */ = {isa = PBXBuildFile; fileRef = 4F8666FA251663CF0069E8E5 /* Poppins-ExtraBoldItalic.ttf */; };
		4F0E7A22251787A5002A5916 /* Poppins-ExtraLight.ttf in Resources */ = {isa = PBXBuildFile; fileRef = 4F8666FB251663CF0069E8E5 /* Poppins-ExtraLight.ttf */; };
		4F0E7A23251787A5002A5916 /* Poppins-ExtraLightItalic.ttf in Resources */ = {isa = PBXBuildFile; fileRef = 4F8666FC251663D00069E8E5 /* Poppins-ExtraLightItalic.ttf */; };
		4F0E7A24251787A5002A5916 /* Poppins-Italic.ttf in Resources */ = {isa = PBXBuildFile; fileRef = 4F8666F0251663CC0069E8E5 /* Poppins-Italic.ttf */; };
		4F0E7A25251787A5002A5916 /* Poppins-Light.ttf in Resources */ = {isa = PBXBuildFile; fileRef = 4F8666F3251663CD0069E8E5 /* Poppins-Light.ttf */; };
		4F0E7A26251787A5002A5916 /* Poppins-LightItalic.ttf in Resources */ = {isa = PBXBuildFile; fileRef = 4F8666EC251663CB0069E8E5 /* Poppins-LightItalic.ttf */; };
		4F0E7A27251787A5002A5916 /* Poppins-Medium.ttf in Resources */ = {isa = PBXBuildFile; fileRef = 4F8666F1251663CD0069E8E5 /* Poppins-Medium.ttf */; };
		4F0E7A28251787A5002A5916 /* Poppins-MediumItalic.ttf in Resources */ = {isa = PBXBuildFile; fileRef = 4F8666F5251663CE0069E8E5 /* Poppins-MediumItalic.ttf */; };
		4F0E7A29251787A5002A5916 /* Poppins-Regular.ttf in Resources */ = {isa = PBXBuildFile; fileRef = 4F8666F9251663CF0069E8E5 /* Poppins-Regular.ttf */; };
		4F0E7A2A251787A5002A5916 /* Poppins-SemiBold.ttf in Resources */ = {isa = PBXBuildFile; fileRef = 4F8666F2251663CD0069E8E5 /* Poppins-SemiBold.ttf */; };
		4F0E7A2B251787A5002A5916 /* Poppins-SemiBoldItalic.ttf in Resources */ = {isa = PBXBuildFile; fileRef = 4F8666F8251663CF0069E8E5 /* Poppins-SemiBoldItalic.ttf */; };
		4F0E7A2C251787A5002A5916 /* Poppins-Thin.ttf in Resources */ = {isa = PBXBuildFile; fileRef = 4F8666EE251663CC0069E8E5 /* Poppins-Thin.ttf */; };
		4F0E7A2D251787A5002A5916 /* Poppins-ThinItalic.ttf in Resources */ = {isa = PBXBuildFile; fileRef = 4F8666F7251663CE0069E8E5 /* Poppins-ThinItalic.ttf */; };
		4F5DC1BE24CFB4780076FCDF /* HomeWorker.storyboard in Resources */ = {isa = PBXBuildFile; fileRef = 4F5DC1BD24CFB4780076FCDF /* HomeWorker.storyboard */; };
		4F5DC1C024D4696C0076FCDF /* signup.storyboard in Resources */ = {isa = PBXBuildFile; fileRef = 4F5DC1BF24D4696C0076FCDF /* signup.storyboard */; };
		4F5F008024F1BE8300246CB6 /* CustomSectionHeader.swift in Sources */ = {isa = PBXBuildFile; fileRef = 4F5F007E24F1BE8300246CB6 /* CustomSectionHeader.swift */; };
		4F5F008124F1BE8300246CB6 /* CustomSectionHeader.xib in Resources */ = {isa = PBXBuildFile; fileRef = 4F5F007F24F1BE8300246CB6 /* CustomSectionHeader.xib */; };
		4F8666FF2516D36F0069E8E5 /* search_worker.json in Resources */ = {isa = PBXBuildFile; fileRef = 4F8666FE2516D36F0069E8E5 /* search_worker.json */; };
		4F8667012516D7AB0069E8E5 /* home.json in Resources */ = {isa = PBXBuildFile; fileRef = 4F8667002516D7AB0069E8E5 /* home.json */; };
		4F8D8AF424DCE9E2006E7A68 /* UIViewControlller+Header.swift in Sources */ = {isa = PBXBuildFile; fileRef = 4F8D8AF324DCE9E2006E7A68 /* UIViewControlller+Header.swift */; };
		4F8D8AF724DD8E75006E7A68 /* String+Validation.swift in Sources */ = {isa = PBXBuildFile; fileRef = 4F8D8AF624DD8E75006E7A68 /* String+Validation.swift */; };
		4F908E9624C9E7AB008F524C /* RatingViewController.swift in Sources */ = {isa = PBXBuildFile; fileRef = 4F908E9524C9E7AB008F524C /* RatingViewController.swift */; };
		4FADC48D24E5F98800882BFA /* Home.storyboard in Resources */ = {isa = PBXBuildFile; fileRef = 4FADC48C24E5F98800882BFA /* Home.storyboard */; };
		4FADC49024E7458F00882BFA /* chat.json in Resources */ = {isa = PBXBuildFile; fileRef = 4FADC48F24E7458F00882BFA /* chat.json */; };
		4FADC49224E8862800882BFA /* support.json in Resources */ = {isa = PBXBuildFile; fileRef = 4FADC49124E8862800882BFA /* support.json */; };
		4FF6E5D624D9DCD000867B98 /* NewSignupViewController.swift in Sources */ = {isa = PBXBuildFile; fileRef = 4FF6E5D524D9DCD000867B98 /* NewSignupViewController.swift */; };
		4FFE071F24E09AC6007029A2 /* MainTabViewController.swift in Sources */ = {isa = PBXBuildFile; fileRef = 4FFE071E24E09AC6007029A2 /* MainTabViewController.swift */; };
		4FFE072124E1C002007029A2 /* HomeViewController.swift in Sources */ = {isa = PBXBuildFile; fileRef = 4FFE072024E1C002007029A2 /* HomeViewController.swift */; };
		D2085A4D2487693F00F58742 /* VendorReviewsViewController.swift in Sources */ = {isa = PBXBuildFile; fileRef = D2085A4C2487693E00F58742 /* VendorReviewsViewController.swift */; };
		D2196B2323CC9D5800DC9572 /* ChatViewController.swift in Sources */ = {isa = PBXBuildFile; fileRef = D2196B2223CC9D5800DC9572 /* ChatViewController.swift */; };
		D22BAAFE23D5EAEB0060001A /* CreditViewController.swift in Sources */ = {isa = PBXBuildFile; fileRef = D22BAAFD23D5EAEB0060001A /* CreditViewController.swift */; };
		D244A3332421D8490098B6FD /* firebaseConfigInfo.plist in Resources */ = {isa = PBXBuildFile; fileRef = D244A3322421D8480098B6FD /* firebaseConfigInfo.plist */; };
		D24F213923E7F6DB0062BE72 /* ImagePickerViewController.swift in Sources */ = {isa = PBXBuildFile; fileRef = D24F213823E7F6DB0062BE72 /* ImagePickerViewController.swift */; };
		D250142A23C5969C0053373D /* JobDetailViewController.swift in Sources */ = {isa = PBXBuildFile; fileRef = D250142923C5969C0053373D /* JobDetailViewController.swift */; };
		D255720524027A5B008444E1 /* GoogleService-Info.plist in Resources */ = {isa = PBXBuildFile; fileRef = D255720424027A5A008444E1 /* GoogleService-Info.plist */; };
		D25B8B8023CD7B7200F35416 /* ViewJobViewController.swift in Sources */ = {isa = PBXBuildFile; fileRef = D25B8B7F23CD7B7200F35416 /* ViewJobViewController.swift */; };
		D25B8B8223CD7BAF00F35416 /* AccountDetailViewController.swift in Sources */ = {isa = PBXBuildFile; fileRef = D25B8B8123CD7BAF00F35416 /* AccountDetailViewController.swift */; };
		D25B8B8423CD7EE100F35416 /* ChooseOptionViewController.swift in Sources */ = {isa = PBXBuildFile; fileRef = D25B8B8323CD7EE100F35416 /* ChooseOptionViewController.swift */; };
		D25B8B8723CD84FC00F35416 /* FilterViewController.swift in Sources */ = {isa = PBXBuildFile; fileRef = D25B8B8623CD84FC00F35416 /* FilterViewController.swift */; };
		D25BFA9023C0477600CBB4DE /* ProfileViewController.swift in Sources */ = {isa = PBXBuildFile; fileRef = D25BFA8F23C0477600CBB4DE /* ProfileViewController.swift */; };
		D25BFA9223C0478200CBB4DE /* HistoryViewController.swift in Sources */ = {isa = PBXBuildFile; fileRef = D25BFA9123C0478200CBB4DE /* HistoryViewController.swift */; };
		D25BFA9423C0478C00CBB4DE /* NotificationViewController.swift in Sources */ = {isa = PBXBuildFile; fileRef = D25BFA9323C0478C00CBB4DE /* NotificationViewController.swift */; };
		D25BFA9623C047A200CBB4DE /* PrivacyPolicyViewController.swift in Sources */ = {isa = PBXBuildFile; fileRef = D25BFA9523C047A200CBB4DE /* PrivacyPolicyViewController.swift */; };
		D25BFA9823C047AF00CBB4DE /* SupportViewController.swift in Sources */ = {isa = PBXBuildFile; fileRef = D25BFA9723C047AF00CBB4DE /* SupportViewController.swift */; };
		D25BFA9A23C047BC00CBB4DE /* InboxViewController.swift in Sources */ = {isa = PBXBuildFile; fileRef = D25BFA9923C047BC00CBB4DE /* InboxViewController.swift */; };
		D25BFA9E23C047E600CBB4DE /* EvaluationViewController.swift in Sources */ = {isa = PBXBuildFile; fileRef = D25BFA9D23C047E600CBB4DE /* EvaluationViewController.swift */; };
		D25BFAA023C047FF00CBB4DE /* SideDrawerViewController.swift in Sources */ = {isa = PBXBuildFile; fileRef = D25BFA9F23C047FF00CBB4DE /* SideDrawerViewController.swift */; };
		D25BFAA323C0485800CBB4DE /* PostedJobViewController.swift in Sources */ = {isa = PBXBuildFile; fileRef = D25BFAA223C0485800CBB4DE /* PostedJobViewController.swift */; };
		D25BFAA523C0486200CBB4DE /* ReceivedJobViewController.swift in Sources */ = {isa = PBXBuildFile; fileRef = D25BFAA423C0486200CBB4DE /* ReceivedJobViewController.swift */; };
		D25BFAA723C051D100CBB4DE /* PostJobViewController.swift in Sources */ = {isa = PBXBuildFile; fileRef = D25BFAA623C051D100CBB4DE /* PostJobViewController.swift */; };
		D25DEA3E2410C67A00924557 /* SuccessMsgViewController.swift in Sources */ = {isa = PBXBuildFile; fileRef = D25DEA3D2410C67900924557 /* SuccessMsgViewController.swift */; };
		D263C7F5247CE39900ED656E /* CaptureIdCardViewController.swift in Sources */ = {isa = PBXBuildFile; fileRef = D263C7F4247CE39900ED656E /* CaptureIdCardViewController.swift */; };
		D266D11823BF35EF0026FE3A /* WelcomeViewController.swift in Sources */ = {isa = PBXBuildFile; fileRef = D266D11723BF35EF0026FE3A /* WelcomeViewController.swift */; };
		D266D11A23BF35F90026FE3A /* LoginViewController.swift in Sources */ = {isa = PBXBuildFile; fileRef = D266D11923BF35F90026FE3A /* LoginViewController.swift */; };
		D277A8852436162F0010A5F5 /* Verdana Bold.ttf in Resources */ = {isa = PBXBuildFile; fileRef = D277A8842436162F0010A5F5 /* Verdana Bold.ttf */; };
		D27F08DC23CEDC15007A85E2 /* SubCategoryViewController.swift in Sources */ = {isa = PBXBuildFile; fileRef = D27F08DB23CEDC15007A85E2 /* SubCategoryViewController.swift */; };
		D2801C3623D6F227001AD735 /* RobotoMono-Regular.ttf in Resources */ = {isa = PBXBuildFile; fileRef = D2801C3323D6F227001AD735 /* RobotoMono-Regular.ttf */; };
		D2801C3723D6F227001AD735 /* RobotoMono-Medium.ttf in Resources */ = {isa = PBXBuildFile; fileRef = D2801C3423D6F227001AD735 /* RobotoMono-Medium.ttf */; };
		D2801C3823D6F227001AD735 /* RobotoMono-Bold.ttf in Resources */ = {isa = PBXBuildFile; fileRef = D2801C3523D6F227001AD735 /* RobotoMono-Bold.ttf */; };
		D28BD95A23BF4A3E0012ADDC /* ResetPasswordViewController.swift in Sources */ = {isa = PBXBuildFile; fileRef = D28BD95923BF4A3E0012ADDC /* ResetPasswordViewController.swift */; };
		D28BD95C23BF528D0012ADDC /* SignupViewController.swift in Sources */ = {isa = PBXBuildFile; fileRef = D28BD95B23BF528D0012ADDC /* SignupViewController.swift */; };
		D28BD95F23BF548C0012ADDC /* DashboardViewController.swift in Sources */ = {isa = PBXBuildFile; fileRef = D28BD95E23BF548C0012ADDC /* DashboardViewController.swift */; };
		D29D075123C4C3CB00401B8C /* HistoryPageViewController.swift in Sources */ = {isa = PBXBuildFile; fileRef = D29D075023C4C3CB00401B8C /* HistoryPageViewController.swift */; };
		D29D075323C4C77F00401B8C /* CategoryListViewController.swift in Sources */ = {isa = PBXBuildFile; fileRef = D29D075223C4C77F00401B8C /* CategoryListViewController.swift */; };
		D2A173CB249B5C5C0077FA50 /* ScheduleCalenderViewController.swift in Sources */ = {isa = PBXBuildFile; fileRef = D2A173CA249B5C5C0077FA50 /* ScheduleCalenderViewController.swift */; };
		D2A173CD249BE9C50077FA50 /* DatePickerView.swift in Sources */ = {isa = PBXBuildFile; fileRef = D2A173CC249BE9C40077FA50 /* DatePickerView.swift */; };
		D2B4D4AC24633A260025CD0F /* MapViewController.swift in Sources */ = {isa = PBXBuildFile; fileRef = D2B4D4AB24633A260025CD0F /* MapViewController.swift */; };
		D2B714F124A716370023CFC2 /* CalendarDetailViewController.swift in Sources */ = {isa = PBXBuildFile; fileRef = D2B714F024A716370023CFC2 /* CalendarDetailViewController.swift */; };
		D2BBC54423CD8BF5007D85B5 /* AcceptJobViewController.swift in Sources */ = {isa = PBXBuildFile; fileRef = D2BBC54323CD8BF5007D85B5 /* AcceptJobViewController.swift */; };
		D2BBC54623CD8DFA007D85B5 /* PaymentViewController.swift in Sources */ = {isa = PBXBuildFile; fileRef = D2BBC54523CD8DFA007D85B5 /* PaymentViewController.swift */; };
		D2D0627D2484C4B7003CD091 /* AccountPageViewController.swift in Sources */ = {isa = PBXBuildFile; fileRef = D2D0627C2484C4B7003CD091 /* AccountPageViewController.swift */; };
		D2D0627F2484CC4D003CD091 /* AccountsViewController.swift in Sources */ = {isa = PBXBuildFile; fileRef = D2D0627E2484CC4D003CD091 /* AccountsViewController.swift */; };
		D2D7691023BE2C08001485E1 /* AppDelegate.swift in Sources */ = {isa = PBXBuildFile; fileRef = D2D7690F23BE2C08001485E1 /* AppDelegate.swift */; };
		D2D7691723BE2C08001485E1 /* Main.storyboard in Resources */ = {isa = PBXBuildFile; fileRef = D2D7691523BE2C08001485E1 /* Main.storyboard */; };
		D2D7691923BE2C0C001485E1 /* Assets.xcassets in Resources */ = {isa = PBXBuildFile; fileRef = D2D7691823BE2C0C001485E1 /* Assets.xcassets */; };
		D2D7691C23BE2C0C001485E1 /* LaunchScreen.storyboard in Resources */ = {isa = PBXBuildFile; fileRef = D2D7691A23BE2C0C001485E1 /* LaunchScreen.storyboard */; };
		D2D7694E23BE2CC2001485E1 /* Protocol.swift in Sources */ = {isa = PBXBuildFile; fileRef = D2D7694023BE2CC1001485E1 /* Protocol.swift */; };
		D2D7694F23BE2CC2001485E1 /* Extensions.swift in Sources */ = {isa = PBXBuildFile; fileRef = D2D7694123BE2CC2001485E1 /* Extensions.swift */; };
		D2D7695023BE2CC2001485E1 /* Singleton.swift in Sources */ = {isa = PBXBuildFile; fileRef = D2D7694223BE2CC2001485E1 /* Singleton.swift */; };
		D2D7695123BE2CC2001485E1 /* DatePickerViewController.swift in Sources */ = {isa = PBXBuildFile; fileRef = D2D7694323BE2CC2001485E1 /* DatePickerViewController.swift */; };
		D2D7695223BE2CC2001485E1 /* PickerViewController.swift in Sources */ = {isa = PBXBuildFile; fileRef = D2D7694423BE2CC2001485E1 /* PickerViewController.swift */; };
		D2D7695323BE2CC2001485E1 /* Model.swift in Sources */ = {isa = PBXBuildFile; fileRef = D2D7694523BE2CC2001485E1 /* Model.swift */; };
		D2D7695423BE2CC2001485E1 /* DesignableCode.swift in Sources */ = {isa = PBXBuildFile; fileRef = D2D7694623BE2CC2001485E1 /* DesignableCode.swift */; };
		D2D7695523BE2CC2001485E1 /* Router.swift in Sources */ = {isa = PBXBuildFile; fileRef = D2D7694723BE2CC2001485E1 /* Router.swift */; };
		D2D7695623BE2CC2001485E1 /* ActivityIndicator.swift in Sources */ = {isa = PBXBuildFile; fileRef = D2D7694823BE2CC2001485E1 /* ActivityIndicator.swift */; };
		D2D7695723BE2CC2001485E1 /* NavigationViewController.swift in Sources */ = {isa = PBXBuildFile; fileRef = D2D7694923BE2CC2001485E1 /* NavigationViewController.swift */; };
		D2D7695823BE2CC2001485E1 /* ParentViewController.swift in Sources */ = {isa = PBXBuildFile; fileRef = D2D7694A23BE2CC2001485E1 /* ParentViewController.swift */; };
		D2D7695923BE2CC2001485E1 /* SessionManager.swift in Sources */ = {isa = PBXBuildFile; fileRef = D2D7694B23BE2CC2001485E1 /* SessionManager.swift */; };
		D2D7695A23BE2CC2001485E1 /* Constants.swift in Sources */ = {isa = PBXBuildFile; fileRef = D2D7694C23BE2CC2001485E1 /* Constants.swift */; };
		D2D7695B23BE2CC2001485E1 /* CallAPIViewController.swift in Sources */ = {isa = PBXBuildFile; fileRef = D2D7694D23BE2CC2001485E1 /* CallAPIViewController.swift */; };
		D2E124B024090DD6009DF90A /* MapView.xib in Resources */ = {isa = PBXBuildFile; fileRef = D2E124AE24090DD5009DF90A /* MapView.xib */; };
		D2E124B124090DD6009DF90A /* MapVc.swift in Sources */ = {isa = PBXBuildFile; fileRef = D2E124AF24090DD6009DF90A /* MapVc.swift */; };
		D2E124B424091BB2009DF90A /* BidPlacedViewController.swift in Sources */ = {isa = PBXBuildFile; fileRef = D2E124B324091BB2009DF90A /* BidPlacedViewController.swift */; };
		D2E124B624091BC4009DF90A /* RunningJobViewController.swift in Sources */ = {isa = PBXBuildFile; fileRef = D2E124B524091BC4009DF90A /* RunningJobViewController.swift */; };
		D2E124B824094523009DF90A /* StartJobViewController.swift in Sources */ = {isa = PBXBuildFile; fileRef = D2E124B724094522009DF90A /* StartJobViewController.swift */; };
		D2E124BB240948A9009DF90A /* SlidingButton.swift in Sources */ = {isa = PBXBuildFile; fileRef = D2E124BA240948A9009DF90A /* SlidingButton.swift */; };
		D2E2EEB023E2D865006315C3 /* verdana.ttf in Resources */ = {isa = PBXBuildFile; fileRef = D2E2EEAC23E2D865006315C3 /* verdana.ttf */; };
		D2EF187E244B07B7001DCDC5 /* AccountSettingViewController.swift in Sources */ = {isa = PBXBuildFile; fileRef = D2EF187D244B07B7001DCDC5 /* AccountSettingViewController.swift */; };
		D2F2D1AC23BF40B50086E13D /* ForgotPasswordViewController.swift in Sources */ = {isa = PBXBuildFile; fileRef = D2F2D1AB23BF40B50086E13D /* ForgotPasswordViewController.swift */; };
/* End PBXBuildFile section */

/* Begin PBXFileReference section */
		40DA953440E833DE0F746DA9 /* Pods-Work It.release.xcconfig */ = {isa = PBXFileReference; includeInIndex = 1; lastKnownFileType = text.xcconfig; name = "Pods-Work It.release.xcconfig"; path = "Target Support Files/Pods-Work It/Pods-Work It.release.xcconfig"; sourceTree = "<group>"; };
		418BF597A529C9DE5591B939 /* Pods_Work_ItTests.framework */ = {isa = PBXFileReference; explicitFileType = wrapper.framework; includeInIndex = 0; path = Pods_Work_ItTests.framework; sourceTree = BUILT_PRODUCTS_DIR; };
		4F08B73524E5B6B6004FE8F7 /* OFL.txt */ = {isa = PBXFileReference; fileEncoding = 4; lastKnownFileType = text; path = OFL.txt; sourceTree = "<group>"; };
		4F5DC1BD24CFB4780076FCDF /* HomeWorker.storyboard */ = {isa = PBXFileReference; lastKnownFileType = file.storyboard; path = HomeWorker.storyboard; sourceTree = "<group>"; };
		4F5DC1BF24D4696C0076FCDF /* signup.storyboard */ = {isa = PBXFileReference; lastKnownFileType = file.storyboard; path = signup.storyboard; sourceTree = "<group>"; };
		4F5F007E24F1BE8300246CB6 /* CustomSectionHeader.swift */ = {isa = PBXFileReference; fileEncoding = 4; lastKnownFileType = sourcecode.swift; path = CustomSectionHeader.swift; sourceTree = "<group>"; };
		4F5F007F24F1BE8300246CB6 /* CustomSectionHeader.xib */ = {isa = PBXFileReference; fileEncoding = 4; lastKnownFileType = file.xib; path = CustomSectionHeader.xib; sourceTree = "<group>"; };
		4F8666EC251663CB0069E8E5 /* Poppins-LightItalic.ttf */ = {isa = PBXFileReference; lastKnownFileType = file; path = "Poppins-LightItalic.ttf"; sourceTree = "<group>"; };
		4F8666ED251663CC0069E8E5 /* Poppins-ExtraBold.ttf */ = {isa = PBXFileReference; lastKnownFileType = file; path = "Poppins-ExtraBold.ttf"; sourceTree = "<group>"; };
		4F8666EE251663CC0069E8E5 /* Poppins-Thin.ttf */ = {isa = PBXFileReference; lastKnownFileType = file; path = "Poppins-Thin.ttf"; sourceTree = "<group>"; };
		4F8666EF251663CC0069E8E5 /* Poppins-BoldItalic.ttf */ = {isa = PBXFileReference; lastKnownFileType = file; path = "Poppins-BoldItalic.ttf"; sourceTree = "<group>"; };
		4F8666F0251663CC0069E8E5 /* Poppins-Italic.ttf */ = {isa = PBXFileReference; lastKnownFileType = file; path = "Poppins-Italic.ttf"; sourceTree = "<group>"; };
		4F8666F1251663CD0069E8E5 /* Poppins-Medium.ttf */ = {isa = PBXFileReference; lastKnownFileType = file; path = "Poppins-Medium.ttf"; sourceTree = "<group>"; };
		4F8666F2251663CD0069E8E5 /* Poppins-SemiBold.ttf */ = {isa = PBXFileReference; lastKnownFileType = file; path = "Poppins-SemiBold.ttf"; sourceTree = "<group>"; };
		4F8666F3251663CD0069E8E5 /* Poppins-Light.ttf */ = {isa = PBXFileReference; lastKnownFileType = file; path = "Poppins-Light.ttf"; sourceTree = "<group>"; };
		4F8666F4251663CD0069E8E5 /* Poppins-Black.ttf */ = {isa = PBXFileReference; lastKnownFileType = file; path = "Poppins-Black.ttf"; sourceTree = "<group>"; };
		4F8666F5251663CE0069E8E5 /* Poppins-MediumItalic.ttf */ = {isa = PBXFileReference; lastKnownFileType = file; path = "Poppins-MediumItalic.ttf"; sourceTree = "<group>"; };
		4F8666F6251663CE0069E8E5 /* Poppins-BlackItalic.ttf */ = {isa = PBXFileReference; lastKnownFileType = file; path = "Poppins-BlackItalic.ttf"; sourceTree = "<group>"; };
		4F8666F7251663CE0069E8E5 /* Poppins-ThinItalic.ttf */ = {isa = PBXFileReference; lastKnownFileType = file; path = "Poppins-ThinItalic.ttf"; sourceTree = "<group>"; };
		4F8666F8251663CF0069E8E5 /* Poppins-SemiBoldItalic.ttf */ = {isa = PBXFileReference; lastKnownFileType = file; path = "Poppins-SemiBoldItalic.ttf"; sourceTree = "<group>"; };
		4F8666F9251663CF0069E8E5 /* Poppins-Regular.ttf */ = {isa = PBXFileReference; lastKnownFileType = file; path = "Poppins-Regular.ttf"; sourceTree = "<group>"; };
		4F8666FA251663CF0069E8E5 /* Poppins-ExtraBoldItalic.ttf */ = {isa = PBXFileReference; lastKnownFileType = file; path = "Poppins-ExtraBoldItalic.ttf"; sourceTree = "<group>"; };
		4F8666FB251663CF0069E8E5 /* Poppins-ExtraLight.ttf */ = {isa = PBXFileReference; lastKnownFileType = file; path = "Poppins-ExtraLight.ttf"; sourceTree = "<group>"; };
		4F8666FC251663D00069E8E5 /* Poppins-ExtraLightItalic.ttf */ = {isa = PBXFileReference; lastKnownFileType = file; path = "Poppins-ExtraLightItalic.ttf"; sourceTree = "<group>"; };
		4F8666FD251663D00069E8E5 /* Poppins-Bold.ttf */ = {isa = PBXFileReference; lastKnownFileType = file; path = "Poppins-Bold.ttf"; sourceTree = "<group>"; };
		4F8666FE2516D36F0069E8E5 /* search_worker.json */ = {isa = PBXFileReference; fileEncoding = 4; lastKnownFileType = text.json; path = search_worker.json; sourceTree = "<group>"; };
		4F8667002516D7AB0069E8E5 /* home.json */ = {isa = PBXFileReference; fileEncoding = 4; lastKnownFileType = text.json; path = home.json; sourceTree = "<group>"; };
		4F8D8AF324DCE9E2006E7A68 /* UIViewControlller+Header.swift */ = {isa = PBXFileReference; lastKnownFileType = sourcecode.swift; path = "UIViewControlller+Header.swift"; sourceTree = "<group>"; };
		4F8D8AF624DD8E75006E7A68 /* String+Validation.swift */ = {isa = PBXFileReference; lastKnownFileType = sourcecode.swift; path = "String+Validation.swift"; sourceTree = "<group>"; };
		4F908E9524C9E7AB008F524C /* RatingViewController.swift */ = {isa = PBXFileReference; fileEncoding = 4; lastKnownFileType = sourcecode.swift; path = RatingViewController.swift; sourceTree = "<group>"; };
		4FADC48C24E5F98800882BFA /* Home.storyboard */ = {isa = PBXFileReference; lastKnownFileType = file.storyboard; path = Home.storyboard; sourceTree = "<group>"; };
		4FADC48F24E7458F00882BFA /* chat.json */ = {isa = PBXFileReference; fileEncoding = 4; lastKnownFileType = text.json; path = chat.json; sourceTree = "<group>"; };
		4FADC49124E8862800882BFA /* support.json */ = {isa = PBXFileReference; fileEncoding = 4; lastKnownFileType = text.json; path = support.json; sourceTree = "<group>"; };
		4FF6E5D524D9DCD000867B98 /* NewSignupViewController.swift */ = {isa = PBXFileReference; lastKnownFileType = sourcecode.swift; path = NewSignupViewController.swift; sourceTree = "<group>"; };
		4FF6E5DE24DA2E1A00867B98 /* es */ = {isa = PBXFileReference; lastKnownFileType = text.plist.strings; name = es; path = es.lproj/Main.strings; sourceTree = "<group>"; };
		4FF6E5DF24DA2E1B00867B98 /* es */ = {isa = PBXFileReference; lastKnownFileType = text.plist.strings; name = es; path = es.lproj/LaunchScreen.strings; sourceTree = "<group>"; };
		4FFE071E24E09AC6007029A2 /* MainTabViewController.swift */ = {isa = PBXFileReference; lastKnownFileType = sourcecode.swift; path = MainTabViewController.swift; sourceTree = "<group>"; };
		4FFE072024E1C002007029A2 /* HomeViewController.swift */ = {isa = PBXFileReference; lastKnownFileType = sourcecode.swift; path = HomeViewController.swift; sourceTree = "<group>"; };
		6D1E1216FCCEE2253C09C6C2 /* Pods-Work ItTests.debug.xcconfig */ = {isa = PBXFileReference; includeInIndex = 1; lastKnownFileType = text.xcconfig; name = "Pods-Work ItTests.debug.xcconfig"; path = "Target Support Files/Pods-Work ItTests/Pods-Work ItTests.debug.xcconfig"; sourceTree = "<group>"; };
		9450EEEFFF54782AAAE05F88 /* Pods-Work It-Work ItUITests.release.xcconfig */ = {isa = PBXFileReference; includeInIndex = 1; lastKnownFileType = text.xcconfig; name = "Pods-Work It-Work ItUITests.release.xcconfig"; path = "Target Support Files/Pods-Work It-Work ItUITests/Pods-Work It-Work ItUITests.release.xcconfig"; sourceTree = "<group>"; };
		96F8BBA278F9B9376E26FBFD /* Pods-Work It-Work ItUITests.debug.xcconfig */ = {isa = PBXFileReference; includeInIndex = 1; lastKnownFileType = text.xcconfig; name = "Pods-Work It-Work ItUITests.debug.xcconfig"; path = "Target Support Files/Pods-Work It-Work ItUITests/Pods-Work It-Work ItUITests.debug.xcconfig"; sourceTree = "<group>"; };
		A74226F328F1BB08F589941C /* Pods_Work_It_Work_ItUITests.framework */ = {isa = PBXFileReference; explicitFileType = wrapper.framework; includeInIndex = 0; path = Pods_Work_It_Work_ItUITests.framework; sourceTree = BUILT_PRODUCTS_DIR; };
		D2085A4C2487693E00F58742 /* VendorReviewsViewController.swift */ = {isa = PBXFileReference; lastKnownFileType = sourcecode.swift; path = VendorReviewsViewController.swift; sourceTree = "<group>"; };
		D2196B2223CC9D5800DC9572 /* ChatViewController.swift */ = {isa = PBXFileReference; lastKnownFileType = sourcecode.swift; path = ChatViewController.swift; sourceTree = "<group>"; };
		D22BAAFD23D5EAEB0060001A /* CreditViewController.swift */ = {isa = PBXFileReference; lastKnownFileType = sourcecode.swift; path = CreditViewController.swift; sourceTree = "<group>"; };
		D244A3322421D8480098B6FD /* firebaseConfigInfo.plist */ = {isa = PBXFileReference; fileEncoding = 4; lastKnownFileType = text.plist.xml; name = firebaseConfigInfo.plist; path = "Firebase config/firebaseConfigInfo.plist"; sourceTree = "<group>"; };
		D24F213723E7DB6E0062BE72 /* Work It.entitlements */ = {isa = PBXFileReference; lastKnownFileType = text.plist.entitlements; path = "Work It.entitlements"; sourceTree = "<group>"; };
		D24F213823E7F6DB0062BE72 /* ImagePickerViewController.swift */ = {isa = PBXFileReference; lastKnownFileType = sourcecode.swift; path = ImagePickerViewController.swift; sourceTree = "<group>"; };
		D250142923C5969C0053373D /* JobDetailViewController.swift */ = {isa = PBXFileReference; lastKnownFileType = sourcecode.swift; path = JobDetailViewController.swift; sourceTree = "<group>"; };
		D255720424027A5A008444E1 /* GoogleService-Info.plist */ = {isa = PBXFileReference; fileEncoding = 4; lastKnownFileType = text.plist.xml; path = "GoogleService-Info.plist"; sourceTree = "<group>"; };
		D25B8B7F23CD7B7200F35416 /* ViewJobViewController.swift */ = {isa = PBXFileReference; lastKnownFileType = sourcecode.swift; path = ViewJobViewController.swift; sourceTree = "<group>"; };
		D25B8B8123CD7BAF00F35416 /* AccountDetailViewController.swift */ = {isa = PBXFileReference; lastKnownFileType = sourcecode.swift; path = AccountDetailViewController.swift; sourceTree = "<group>"; };
		D25B8B8323CD7EE100F35416 /* ChooseOptionViewController.swift */ = {isa = PBXFileReference; lastKnownFileType = sourcecode.swift; path = ChooseOptionViewController.swift; sourceTree = "<group>"; };
		D25B8B8623CD84FC00F35416 /* FilterViewController.swift */ = {isa = PBXFileReference; lastKnownFileType = sourcecode.swift; path = FilterViewController.swift; sourceTree = "<group>"; };
		D25BFA8F23C0477600CBB4DE /* ProfileViewController.swift */ = {isa = PBXFileReference; lastKnownFileType = sourcecode.swift; path = ProfileViewController.swift; sourceTree = "<group>"; };
		D25BFA9123C0478200CBB4DE /* HistoryViewController.swift */ = {isa = PBXFileReference; lastKnownFileType = sourcecode.swift; path = HistoryViewController.swift; sourceTree = "<group>"; };
		D25BFA9323C0478C00CBB4DE /* NotificationViewController.swift */ = {isa = PBXFileReference; lastKnownFileType = sourcecode.swift; path = NotificationViewController.swift; sourceTree = "<group>"; };
		D25BFA9523C047A200CBB4DE /* PrivacyPolicyViewController.swift */ = {isa = PBXFileReference; lastKnownFileType = sourcecode.swift; path = PrivacyPolicyViewController.swift; sourceTree = "<group>"; };
		D25BFA9723C047AF00CBB4DE /* SupportViewController.swift */ = {isa = PBXFileReference; lastKnownFileType = sourcecode.swift; path = SupportViewController.swift; sourceTree = "<group>"; };
		D25BFA9923C047BC00CBB4DE /* InboxViewController.swift */ = {isa = PBXFileReference; lastKnownFileType = sourcecode.swift; path = InboxViewController.swift; sourceTree = "<group>"; };
		D25BFA9D23C047E600CBB4DE /* EvaluationViewController.swift */ = {isa = PBXFileReference; lastKnownFileType = sourcecode.swift; path = EvaluationViewController.swift; sourceTree = "<group>"; };
		D25BFA9F23C047FF00CBB4DE /* SideDrawerViewController.swift */ = {isa = PBXFileReference; lastKnownFileType = sourcecode.swift; path = SideDrawerViewController.swift; sourceTree = "<group>"; };
		D25BFAA223C0485800CBB4DE /* PostedJobViewController.swift */ = {isa = PBXFileReference; lastKnownFileType = sourcecode.swift; path = PostedJobViewController.swift; sourceTree = "<group>"; };
		D25BFAA423C0486200CBB4DE /* ReceivedJobViewController.swift */ = {isa = PBXFileReference; lastKnownFileType = sourcecode.swift; path = ReceivedJobViewController.swift; sourceTree = "<group>"; };
		D25BFAA623C051D100CBB4DE /* PostJobViewController.swift */ = {isa = PBXFileReference; lastKnownFileType = sourcecode.swift; path = PostJobViewController.swift; sourceTree = "<group>"; };
		D25DEA3D2410C67900924557 /* SuccessMsgViewController.swift */ = {isa = PBXFileReference; lastKnownFileType = sourcecode.swift; path = SuccessMsgViewController.swift; sourceTree = "<group>"; };
		D263C7F4247CE39900ED656E /* CaptureIdCardViewController.swift */ = {isa = PBXFileReference; lastKnownFileType = sourcecode.swift; path = CaptureIdCardViewController.swift; sourceTree = "<group>"; };
		D266D11723BF35EF0026FE3A /* WelcomeViewController.swift */ = {isa = PBXFileReference; lastKnownFileType = sourcecode.swift; path = WelcomeViewController.swift; sourceTree = "<group>"; };
		D266D11923BF35F90026FE3A /* LoginViewController.swift */ = {isa = PBXFileReference; lastKnownFileType = sourcecode.swift; path = LoginViewController.swift; sourceTree = "<group>"; };
		D277A8842436162F0010A5F5 /* Verdana Bold.ttf */ = {isa = PBXFileReference; lastKnownFileType = file; name = "Verdana Bold.ttf"; path = "Fonts/verdana/Verdana Bold.ttf"; sourceTree = "<group>"; };
		D27F08DB23CEDC15007A85E2 /* SubCategoryViewController.swift */ = {isa = PBXFileReference; lastKnownFileType = sourcecode.swift; path = SubCategoryViewController.swift; sourceTree = "<group>"; };
		D2801C3323D6F227001AD735 /* RobotoMono-Regular.ttf */ = {isa = PBXFileReference; lastKnownFileType = file; name = "RobotoMono-Regular.ttf"; path = "Fonts/Roboto_Mono/RobotoMono-Regular.ttf"; sourceTree = "<group>"; };
		D2801C3423D6F227001AD735 /* RobotoMono-Medium.ttf */ = {isa = PBXFileReference; lastKnownFileType = file; name = "RobotoMono-Medium.ttf"; path = "Fonts/Roboto_Mono/RobotoMono-Medium.ttf"; sourceTree = "<group>"; };
		D2801C3523D6F227001AD735 /* RobotoMono-Bold.ttf */ = {isa = PBXFileReference; lastKnownFileType = file; name = "RobotoMono-Bold.ttf"; path = "Fonts/Roboto_Mono/RobotoMono-Bold.ttf"; sourceTree = "<group>"; };
		D28BD95923BF4A3E0012ADDC /* ResetPasswordViewController.swift */ = {isa = PBXFileReference; lastKnownFileType = sourcecode.swift; path = ResetPasswordViewController.swift; sourceTree = "<group>"; };
		D28BD95B23BF528D0012ADDC /* SignupViewController.swift */ = {isa = PBXFileReference; lastKnownFileType = sourcecode.swift; path = SignupViewController.swift; sourceTree = "<group>"; };
		D28BD95E23BF548C0012ADDC /* DashboardViewController.swift */ = {isa = PBXFileReference; lastKnownFileType = sourcecode.swift; path = DashboardViewController.swift; sourceTree = "<group>"; };
		D29D075023C4C3CB00401B8C /* HistoryPageViewController.swift */ = {isa = PBXFileReference; lastKnownFileType = sourcecode.swift; path = HistoryPageViewController.swift; sourceTree = "<group>"; };
		D29D075223C4C77F00401B8C /* CategoryListViewController.swift */ = {isa = PBXFileReference; lastKnownFileType = sourcecode.swift; path = CategoryListViewController.swift; sourceTree = "<group>"; };
		D2A173CA249B5C5C0077FA50 /* ScheduleCalenderViewController.swift */ = {isa = PBXFileReference; lastKnownFileType = sourcecode.swift; path = ScheduleCalenderViewController.swift; sourceTree = "<group>"; };
		D2A173CC249BE9C40077FA50 /* DatePickerView.swift */ = {isa = PBXFileReference; lastKnownFileType = sourcecode.swift; path = DatePickerView.swift; sourceTree = "<group>"; };
		D2B4D4AB24633A260025CD0F /* MapViewController.swift */ = {isa = PBXFileReference; lastKnownFileType = sourcecode.swift; path = MapViewController.swift; sourceTree = "<group>"; };
		D2B714F024A716370023CFC2 /* CalendarDetailViewController.swift */ = {isa = PBXFileReference; lastKnownFileType = sourcecode.swift; path = CalendarDetailViewController.swift; sourceTree = "<group>"; };
		D2BBC54323CD8BF5007D85B5 /* AcceptJobViewController.swift */ = {isa = PBXFileReference; lastKnownFileType = sourcecode.swift; path = AcceptJobViewController.swift; sourceTree = "<group>"; };
		D2BBC54523CD8DFA007D85B5 /* PaymentViewController.swift */ = {isa = PBXFileReference; lastKnownFileType = sourcecode.swift; path = PaymentViewController.swift; sourceTree = "<group>"; };
		D2D0627C2484C4B7003CD091 /* AccountPageViewController.swift */ = {isa = PBXFileReference; lastKnownFileType = sourcecode.swift; path = AccountPageViewController.swift; sourceTree = "<group>"; };
		D2D0627E2484CC4D003CD091 /* AccountsViewController.swift */ = {isa = PBXFileReference; lastKnownFileType = sourcecode.swift; path = AccountsViewController.swift; sourceTree = "<group>"; };
		D2D7690C23BE2C08001485E1 /* Work It.app */ = {isa = PBXFileReference; explicitFileType = wrapper.application; includeInIndex = 0; path = "Work It.app"; sourceTree = BUILT_PRODUCTS_DIR; };
		D2D7690F23BE2C08001485E1 /* AppDelegate.swift */ = {isa = PBXFileReference; lastKnownFileType = sourcecode.swift; path = AppDelegate.swift; sourceTree = "<group>"; };
		D2D7691623BE2C08001485E1 /* Base */ = {isa = PBXFileReference; lastKnownFileType = file.storyboard; name = Base; path = Base.lproj/Main.storyboard; sourceTree = "<group>"; };
		D2D7691823BE2C0C001485E1 /* Assets.xcassets */ = {isa = PBXFileReference; lastKnownFileType = folder.assetcatalog; path = Assets.xcassets; sourceTree = "<group>"; };
		D2D7691B23BE2C0C001485E1 /* Base */ = {isa = PBXFileReference; lastKnownFileType = file.storyboard; name = Base; path = Base.lproj/LaunchScreen.storyboard; sourceTree = "<group>"; };
		D2D7691D23BE2C0C001485E1 /* Info.plist */ = {isa = PBXFileReference; lastKnownFileType = text.plist.xml; path = Info.plist; sourceTree = "<group>"; };
		D2D7694023BE2CC1001485E1 /* Protocol.swift */ = {isa = PBXFileReference; fileEncoding = 4; lastKnownFileType = sourcecode.swift; name = Protocol.swift; path = "Helper Files/Protocol.swift"; sourceTree = "<group>"; };
		D2D7694123BE2CC2001485E1 /* Extensions.swift */ = {isa = PBXFileReference; fileEncoding = 4; lastKnownFileType = sourcecode.swift; name = Extensions.swift; path = "Helper Files/Extensions.swift"; sourceTree = "<group>"; };
		D2D7694223BE2CC2001485E1 /* Singleton.swift */ = {isa = PBXFileReference; fileEncoding = 4; lastKnownFileType = sourcecode.swift; name = Singleton.swift; path = "Helper Files/Singleton.swift"; sourceTree = "<group>"; };
		D2D7694323BE2CC2001485E1 /* DatePickerViewController.swift */ = {isa = PBXFileReference; fileEncoding = 4; lastKnownFileType = sourcecode.swift; name = DatePickerViewController.swift; path = "Helper Files/DatePickerViewController.swift"; sourceTree = "<group>"; };
		D2D7694423BE2CC2001485E1 /* PickerViewController.swift */ = {isa = PBXFileReference; fileEncoding = 4; lastKnownFileType = sourcecode.swift; name = PickerViewController.swift; path = "Helper Files/PickerViewController.swift"; sourceTree = "<group>"; };
		D2D7694523BE2CC2001485E1 /* Model.swift */ = {isa = PBXFileReference; fileEncoding = 4; lastKnownFileType = sourcecode.swift; name = Model.swift; path = "Helper Files/Model.swift"; sourceTree = "<group>"; };
		D2D7694623BE2CC2001485E1 /* DesignableCode.swift */ = {isa = PBXFileReference; fileEncoding = 4; lastKnownFileType = sourcecode.swift; name = DesignableCode.swift; path = "Helper Files/DesignableCode.swift"; sourceTree = "<group>"; };
		D2D7694723BE2CC2001485E1 /* Router.swift */ = {isa = PBXFileReference; fileEncoding = 4; lastKnownFileType = sourcecode.swift; name = Router.swift; path = "Helper Files/Router.swift"; sourceTree = "<group>"; };
		D2D7694823BE2CC2001485E1 /* ActivityIndicator.swift */ = {isa = PBXFileReference; fileEncoding = 4; lastKnownFileType = sourcecode.swift; name = ActivityIndicator.swift; path = "Helper Files/ActivityIndicator.swift"; sourceTree = "<group>"; };
		D2D7694923BE2CC2001485E1 /* NavigationViewController.swift */ = {isa = PBXFileReference; fileEncoding = 4; lastKnownFileType = sourcecode.swift; name = NavigationViewController.swift; path = "Helper Files/NavigationViewController.swift"; sourceTree = "<group>"; };
		D2D7694A23BE2CC2001485E1 /* ParentViewController.swift */ = {isa = PBXFileReference; fileEncoding = 4; lastKnownFileType = sourcecode.swift; name = ParentViewController.swift; path = "Helper Files/ParentViewController.swift"; sourceTree = "<group>"; };
		D2D7694B23BE2CC2001485E1 /* SessionManager.swift */ = {isa = PBXFileReference; fileEncoding = 4; lastKnownFileType = sourcecode.swift; name = SessionManager.swift; path = "Helper Files/SessionManager.swift"; sourceTree = "<group>"; };
		D2D7694C23BE2CC2001485E1 /* Constants.swift */ = {isa = PBXFileReference; fileEncoding = 4; lastKnownFileType = sourcecode.swift; name = Constants.swift; path = "Helper Files/Constants.swift"; sourceTree = "<group>"; };
		D2D7694D23BE2CC2001485E1 /* CallAPIViewController.swift */ = {isa = PBXFileReference; fileEncoding = 4; lastKnownFileType = sourcecode.swift; name = CallAPIViewController.swift; path = "Helper Files/CallAPIViewController.swift"; sourceTree = "<group>"; };
		D2E124AE24090DD5009DF90A /* MapView.xib */ = {isa = PBXFileReference; fileEncoding = 4; lastKnownFileType = file.xib; path = MapView.xib; sourceTree = "<group>"; };
		D2E124AF24090DD6009DF90A /* MapVc.swift */ = {isa = PBXFileReference; fileEncoding = 4; lastKnownFileType = sourcecode.swift; path = MapVc.swift; sourceTree = "<group>"; };
		D2E124B324091BB2009DF90A /* BidPlacedViewController.swift */ = {isa = PBXFileReference; lastKnownFileType = sourcecode.swift; path = BidPlacedViewController.swift; sourceTree = "<group>"; };
		D2E124B524091BC4009DF90A /* RunningJobViewController.swift */ = {isa = PBXFileReference; lastKnownFileType = sourcecode.swift; path = RunningJobViewController.swift; sourceTree = "<group>"; };
		D2E124B724094522009DF90A /* StartJobViewController.swift */ = {isa = PBXFileReference; lastKnownFileType = sourcecode.swift; path = StartJobViewController.swift; sourceTree = "<group>"; };
		D2E124BA240948A9009DF90A /* SlidingButton.swift */ = {isa = PBXFileReference; lastKnownFileType = sourcecode.swift; path = SlidingButton.swift; sourceTree = "<group>"; };
		D2E2EEAC23E2D865006315C3 /* verdana.ttf */ = {isa = PBXFileReference; lastKnownFileType = file; name = verdana.ttf; path = Fonts/verdana/verdana.ttf; sourceTree = "<group>"; };
		D2EF187D244B07B7001DCDC5 /* AccountSettingViewController.swift */ = {isa = PBXFileReference; lastKnownFileType = sourcecode.swift; path = AccountSettingViewController.swift; sourceTree = "<group>"; };
		D2F2D1AB23BF40B50086E13D /* ForgotPasswordViewController.swift */ = {isa = PBXFileReference; lastKnownFileType = sourcecode.swift; path = ForgotPasswordViewController.swift; sourceTree = "<group>"; };
		EF7BCB50A2AFF590E1FF66E7 /* Pods-Work ItTests.release.xcconfig */ = {isa = PBXFileReference; includeInIndex = 1; lastKnownFileType = text.xcconfig; name = "Pods-Work ItTests.release.xcconfig"; path = "Target Support Files/Pods-Work ItTests/Pods-Work ItTests.release.xcconfig"; sourceTree = "<group>"; };
		F7D47F9D32CC9583755B752E /* Pods-Work It.debug.xcconfig */ = {isa = PBXFileReference; includeInIndex = 1; lastKnownFileType = text.xcconfig; name = "Pods-Work It.debug.xcconfig"; path = "Target Support Files/Pods-Work It/Pods-Work It.debug.xcconfig"; sourceTree = "<group>"; };
		FCD0F8541A44771AC0FDFD1B /* Pods_Work_It.framework */ = {isa = PBXFileReference; explicitFileType = wrapper.framework; includeInIndex = 0; path = Pods_Work_It.framework; sourceTree = BUILT_PRODUCTS_DIR; };
/* End PBXFileReference section */

/* Begin PBXFrameworksBuildPhase section */
		D2D7690923BE2C08001485E1 /* Frameworks */ = {
			isa = PBXFrameworksBuildPhase;
			buildActionMask = 2147483647;
			files = (
				445DD0E23E29104C9A43DF33 /* Pods_Work_It.framework in Frameworks */,
			);
			runOnlyForDeploymentPostprocessing = 0;
		};
/* End PBXFrameworksBuildPhase section */

/* Begin PBXGroup section */
		4F5DC1BB24CFB45E0076FCDF /* ui */ = {
			isa = PBXGroup;
			children = (
				4F5F007D24F1BE7600246CB6 /* xib */,
				4F5DC1BC24CFB4690076FCDF /* storyboards */,
			);
			name = ui;
			sourceTree = "<group>";
		};
		4F5DC1BC24CFB4690076FCDF /* storyboards */ = {
			isa = PBXGroup;
			children = (
				4F5DC1BD24CFB4780076FCDF /* HomeWorker.storyboard */,
				4F5DC1BF24D4696C0076FCDF /* signup.storyboard */,
				4FADC48C24E5F98800882BFA /* Home.storyboard */,
			);
			name = storyboards;
			sourceTree = "<group>";
		};
		4F5F007D24F1BE7600246CB6 /* xib */ = {
			isa = PBXGroup;
			children = (
				4F5F007E24F1BE8300246CB6 /* CustomSectionHeader.swift */,
				4F5F007F24F1BE8300246CB6 /* CustomSectionHeader.xib */,
			);
			name = xib;
			sourceTree = "<group>";
		};
		4F8D8AF224DCE9D1006E7A68 /* extensionts */ = {
			isa = PBXGroup;
			children = (
				4F8D8AF324DCE9E2006E7A68 /* UIViewControlller+Header.swift */,
				4F8D8AF624DD8E75006E7A68 /* String+Validation.swift */,
			);
			name = extensionts;
			sourceTree = "<group>";
		};
		4FADC48E24E7457300882BFA /* lottie */ = {
			isa = PBXGroup;
			children = (
				4F8667002516D7AB0069E8E5 /* home.json */,
				4FADC49124E8862800882BFA /* support.json */,
				4F8666FE2516D36F0069E8E5 /* search_worker.json */,
				4FADC48F24E7458F00882BFA /* chat.json */,
			);
			name = lottie;
			sourceTree = "<group>";
		};
		4FF6E5D424D9DCBB00867B98 /* Controllers */ = {
			isa = PBXGroup;
			children = (
				4FF6E5D524D9DCD000867B98 /* NewSignupViewController.swift */,
				4FFE071E24E09AC6007029A2 /* MainTabViewController.swift */,
				4FFE072024E1C002007029A2 /* HomeViewController.swift */,
			);
			name = Controllers;
			sourceTree = "<group>";
		};
		5ACA4779BE5D7C951B7990A7 /* Frameworks */ = {
			isa = PBXGroup;
			children = (
				FCD0F8541A44771AC0FDFD1B /* Pods_Work_It.framework */,
				A74226F328F1BB08F589941C /* Pods_Work_It_Work_ItUITests.framework */,
				418BF597A529C9DE5591B939 /* Pods_Work_ItTests.framework */,
			);
			name = Frameworks;
			sourceTree = "<group>";
		};
		8C20DD959B3B0A12AE4D969D /* Pods */ = {
			isa = PBXGroup;
			children = (
				F7D47F9D32CC9583755B752E /* Pods-Work It.debug.xcconfig */,
				40DA953440E833DE0F746DA9 /* Pods-Work It.release.xcconfig */,
				96F8BBA278F9B9376E26FBFD /* Pods-Work It-Work ItUITests.debug.xcconfig */,
				9450EEEFFF54782AAAE05F88 /* Pods-Work It-Work ItUITests.release.xcconfig */,
				6D1E1216FCCEE2253C09C6C2 /* Pods-Work ItTests.debug.xcconfig */,
				EF7BCB50A2AFF590E1FF66E7 /* Pods-Work ItTests.release.xcconfig */,
			);
			path = Pods;
			sourceTree = "<group>";
		};
		D2196B2123CC9D4000DC9572 /* Chat */ = {
			isa = PBXGroup;
			children = (
				D25BFA9923C047BC00CBB4DE /* InboxViewController.swift */,
				D2196B2223CC9D5800DC9572 /* ChatViewController.swift */,
			);
			name = Chat;
			sourceTree = "<group>";
		};
		D25B8B7E23CD7B6200F35416 /* Job */ = {
			isa = PBXGroup;
			children = (
				D25B8B7F23CD7B7200F35416 /* ViewJobViewController.swift */,
				D2BBC54323CD8BF5007D85B5 /* AcceptJobViewController.swift */,
				D2E124B724094522009DF90A /* StartJobViewController.swift */,
				D2085A4C2487693E00F58742 /* VendorReviewsViewController.swift */,
			);
			path = Job;
			sourceTree = "<group>";
		};
		D25B8B8523CD84F000F35416 /* Common VC */ = {
			isa = PBXGroup;
			children = (
				D25B8B8623CD84FC00F35416 /* FilterViewController.swift */,
			);
			name = "Common VC";
			sourceTree = "<group>";
		};
		D25BFA8E23C0475400CBB4DE /* Side Drawer */ = {
			isa = PBXGroup;
			children = (
				D2D0627B2484C47D003CD091 /* Accounts */,
				D2196B2123CC9D4000DC9572 /* Chat */,
				D25BFAA123C0483300CBB4DE /* History */,
				D25BFA8F23C0477600CBB4DE /* ProfileViewController.swift */,
				D25BFA9323C0478C00CBB4DE /* NotificationViewController.swift */,
				D25BFA9523C047A200CBB4DE /* PrivacyPolicyViewController.swift */,
				D25BFA9723C047AF00CBB4DE /* SupportViewController.swift */,
				D25BFA9D23C047E600CBB4DE /* EvaluationViewController.swift */,
				D25BFA9F23C047FF00CBB4DE /* SideDrawerViewController.swift */,
				D2B714F024A716370023CFC2 /* CalendarDetailViewController.swift */,
				D2A173CA249B5C5C0077FA50 /* ScheduleCalenderViewController.swift */,
			);
			name = "Side Drawer";
			sourceTree = "<group>";
		};
		D25BFAA123C0483300CBB4DE /* History */ = {
			isa = PBXGroup;
			children = (
				D25BFA9123C0478200CBB4DE /* HistoryViewController.swift */,
				D25BFAA223C0485800CBB4DE /* PostedJobViewController.swift */,
				D25BFAA423C0486200CBB4DE /* ReceivedJobViewController.swift */,
				D29D075023C4C3CB00401B8C /* HistoryPageViewController.swift */,
			);
			path = History;
			sourceTree = "<group>";
		};
		D266D11523BF35C70026FE3A /* View Controllers */ = {
			isa = PBXGroup;
			children = (
				D2E124B224091B87009DF90A /* Job Started */,
				D25B8B8523CD84F000F35416 /* Common VC */,
				D25B8B7E23CD7B6200F35416 /* Job */,
				D25BFA8E23C0475400CBB4DE /* Side Drawer */,
				D28BD95D23BF547F0012ADDC /* Dashboard */,
				D266D11623BF35D40026FE3A /* Registration */,
				D25B8B8123CD7BAF00F35416 /* AccountDetailViewController.swift */,
				D2BBC54523CD8DFA007D85B5 /* PaymentViewController.swift */,
				4F908E9524C9E7AB008F524C /* RatingViewController.swift */,
				D25DEA3D2410C67900924557 /* SuccessMsgViewController.swift */,
				D2B4D4AB24633A260025CD0F /* MapViewController.swift */,
			);
			path = "View Controllers";
			sourceTree = "<group>";
		};
		D266D11623BF35D40026FE3A /* Registration */ = {
			isa = PBXGroup;
			children = (
				D266D11723BF35EF0026FE3A /* WelcomeViewController.swift */,
				D266D11923BF35F90026FE3A /* LoginViewController.swift */,
				D2F2D1AB23BF40B50086E13D /* ForgotPasswordViewController.swift */,
				D28BD95923BF4A3E0012ADDC /* ResetPasswordViewController.swift */,
				D28BD95B23BF528D0012ADDC /* SignupViewController.swift */,
				D25B8B8323CD7EE100F35416 /* ChooseOptionViewController.swift */,
				D263C7F4247CE39900ED656E /* CaptureIdCardViewController.swift */,
			);
			name = Registration;
			sourceTree = "<group>";
		};
		D28BD95D23BF547F0012ADDC /* Dashboard */ = {
			isa = PBXGroup;
			children = (
				D28BD95E23BF548C0012ADDC /* DashboardViewController.swift */,
				D25BFAA623C051D100CBB4DE /* PostJobViewController.swift */,
				D29D075223C4C77F00401B8C /* CategoryListViewController.swift */,
				D250142923C5969C0053373D /* JobDetailViewController.swift */,
				D27F08DB23CEDC15007A85E2 /* SubCategoryViewController.swift */,
			);
			path = Dashboard;
			sourceTree = "<group>";
		};
		D2B92EF323D590D30055D3B1 /* Fonts */ = {
			isa = PBXGroup;
			children = (
				4F8666F4251663CD0069E8E5 /* Poppins-Black.ttf */,
				4F8666F6251663CE0069E8E5 /* Poppins-BlackItalic.ttf */,
				4F8666FD251663D00069E8E5 /* Poppins-Bold.ttf */,
				4F8666EF251663CC0069E8E5 /* Poppins-BoldItalic.ttf */,
				4F8666ED251663CC0069E8E5 /* Poppins-ExtraBold.ttf */,
				4F8666FA251663CF0069E8E5 /* Poppins-ExtraBoldItalic.ttf */,
				4F8666FB251663CF0069E8E5 /* Poppins-ExtraLight.ttf */,
				4F8666FC251663D00069E8E5 /* Poppins-ExtraLightItalic.ttf */,
				4F8666F0251663CC0069E8E5 /* Poppins-Italic.ttf */,
				4F8666F3251663CD0069E8E5 /* Poppins-Light.ttf */,
				4F8666EC251663CB0069E8E5 /* Poppins-LightItalic.ttf */,
				4F8666F1251663CD0069E8E5 /* Poppins-Medium.ttf */,
				4F8666F5251663CE0069E8E5 /* Poppins-MediumItalic.ttf */,
				4F8666F9251663CF0069E8E5 /* Poppins-Regular.ttf */,
				4F8666F2251663CD0069E8E5 /* Poppins-SemiBold.ttf */,
				4F8666F8251663CF0069E8E5 /* Poppins-SemiBoldItalic.ttf */,
				4F8666EE251663CC0069E8E5 /* Poppins-Thin.ttf */,
				4F8666F7251663CE0069E8E5 /* Poppins-ThinItalic.ttf */,
				4F08B73524E5B6B6004FE8F7 /* OFL.txt */,
				D277A8842436162F0010A5F5 /* Verdana Bold.ttf */,
				D2E2EEAC23E2D865006315C3 /* verdana.ttf */,
				D2801C3523D6F227001AD735 /* RobotoMono-Bold.ttf */,
				D2801C3423D6F227001AD735 /* RobotoMono-Medium.ttf */,
				D2801C3323D6F227001AD735 /* RobotoMono-Regular.ttf */,
			);
			name = Fonts;
			sourceTree = "<group>";
		};
		D2D0627B2484C47D003CD091 /* Accounts */ = {
			isa = PBXGroup;
			children = (
				D22BAAFD23D5EAEB0060001A /* CreditViewController.swift */,
				D2EF187D244B07B7001DCDC5 /* AccountSettingViewController.swift */,
				D2D0627C2484C4B7003CD091 /* AccountPageViewController.swift */,
				D2D0627E2484CC4D003CD091 /* AccountsViewController.swift */,
			);
			name = Accounts;
			sourceTree = "<group>";
		};
		D2D7690323BE2C08001485E1 = {
			isa = PBXGroup;
			children = (
				D2D7690E23BE2C08001485E1 /* Work It */,
				D2D7690D23BE2C08001485E1 /* Products */,
				8C20DD959B3B0A12AE4D969D /* Pods */,
				5ACA4779BE5D7C951B7990A7 /* Frameworks */,
			);
			sourceTree = "<group>";
		};
		D2D7690D23BE2C08001485E1 /* Products */ = {
			isa = PBXGroup;
			children = (
				D2D7690C23BE2C08001485E1 /* Work It.app */,
			);
			name = Products;
			sourceTree = "<group>";
		};
		D2D7690E23BE2C08001485E1 /* Work It */ = {
			isa = PBXGroup;
			children = (
				4FADC48E24E7457300882BFA /* lottie */,
				4F8D8AF224DCE9D1006E7A68 /* extensionts */,
				4FF6E5D424D9DCBB00867B98 /* Controllers */,
				4F5DC1BB24CFB45E0076FCDF /* ui */,
				D244A3322421D8480098B6FD /* firebaseConfigInfo.plist */,
				D2E124B9240947ED009DF90A /* Animation */,
				D2E124AD24090D7E009DF90A /* Map View */,
				D255720424027A5A008444E1 /* GoogleService-Info.plist */,
				D24F213723E7DB6E0062BE72 /* Work It.entitlements */,
				D2B92EF323D590D30055D3B1 /* Fonts */,
				D266D11523BF35C70026FE3A /* View Controllers */,
				D2D7693F23BE2CAE001485E1 /* Helper Files */,
				D2D7690F23BE2C08001485E1 /* AppDelegate.swift */,
				D2D7691523BE2C08001485E1 /* Main.storyboard */,
				D2D7691823BE2C0C001485E1 /* Assets.xcassets */,
				D2D7691A23BE2C0C001485E1 /* LaunchScreen.storyboard */,
				D2D7691D23BE2C0C001485E1 /* Info.plist */,
			);
			path = "Work It";
			sourceTree = "<group>";
		};
		D2D7693F23BE2CAE001485E1 /* Helper Files */ = {
			isa = PBXGroup;
			children = (
				D2D7694823BE2CC2001485E1 /* ActivityIndicator.swift */,
				D2D7694D23BE2CC2001485E1 /* CallAPIViewController.swift */,
				D2D7694C23BE2CC2001485E1 /* Constants.swift */,
				D2D7694323BE2CC2001485E1 /* DatePickerViewController.swift */,
				D2D7694623BE2CC2001485E1 /* DesignableCode.swift */,
				D2D7694123BE2CC2001485E1 /* Extensions.swift */,
				D2D7694523BE2CC2001485E1 /* Model.swift */,
				D2D7694923BE2CC2001485E1 /* NavigationViewController.swift */,
				D2D7694A23BE2CC2001485E1 /* ParentViewController.swift */,
				D2D7694423BE2CC2001485E1 /* PickerViewController.swift */,
				D2D7694023BE2CC1001485E1 /* Protocol.swift */,
				D2D7694723BE2CC2001485E1 /* Router.swift */,
				D2D7694B23BE2CC2001485E1 /* SessionManager.swift */,
				D2D7694223BE2CC2001485E1 /* Singleton.swift */,
				D24F213823E7F6DB0062BE72 /* ImagePickerViewController.swift */,
				D2A173CC249BE9C40077FA50 /* DatePickerView.swift */,
			);
			name = "Helper Files";
			sourceTree = "<group>";
		};
		D2E124AD24090D7E009DF90A /* Map View */ = {
			isa = PBXGroup;
			children = (
				D2E124AF24090DD6009DF90A /* MapVc.swift */,
				D2E124AE24090DD5009DF90A /* MapView.xib */,
			);
			path = "Map View";
			sourceTree = "<group>";
		};
		D2E124B224091B87009DF90A /* Job Started */ = {
			isa = PBXGroup;
			children = (
				D2E124B324091BB2009DF90A /* BidPlacedViewController.swift */,
				D2E124B524091BC4009DF90A /* RunningJobViewController.swift */,
			);
			path = "Job Started";
			sourceTree = "<group>";
		};
		D2E124B9240947ED009DF90A /* Animation */ = {
			isa = PBXGroup;
			children = (
				D2E124BA240948A9009DF90A /* SlidingButton.swift */,
			);
			name = Animation;
			sourceTree = "<group>";
		};
/* End PBXGroup section */

/* Begin PBXHeadersBuildPhase section */
		D2557203240275E7008444E1 /* Headers */ = {
			isa = PBXHeadersBuildPhase;
			buildActionMask = 2147483647;
			files = (
			);
			runOnlyForDeploymentPostprocessing = 0;
		};
/* End PBXHeadersBuildPhase section */

/* Begin PBXNativeTarget section */
		D2D7690B23BE2C08001485E1 /* Work It */ = {
			isa = PBXNativeTarget;
			buildConfigurationList = D2D7693623BE2C0C001485E1 /* Build configuration list for PBXNativeTarget "Work It" */;
			buildPhases = (
				508A52F57B13D572950AB8C5 /* [CP] Check Pods Manifest.lock */,
				D2557203240275E7008444E1 /* Headers */,
				D2D7690823BE2C08001485E1 /* Sources */,
				D2D7690923BE2C08001485E1 /* Frameworks */,
				D2D7690A23BE2C08001485E1 /* Resources */,
				878B0E2DBFB7499762E533A4 /* [CP] Embed Pods Frameworks */,
				9F38508F77DA5548D70AB776 /* [CP] Copy Pods Resources */,
			);
			buildRules = (
			);
			dependencies = (
			);
			name = "Work It";
			productName = "Work It";
			productReference = D2D7690C23BE2C08001485E1 /* Work It.app */;
			productType = "com.apple.product-type.application";
		};
/* End PBXNativeTarget section */

/* Begin PBXProject section */
		D2D7690423BE2C08001485E1 /* Project object */ = {
			isa = PBXProject;
			attributes = {
				LastSwiftUpdateCheck = 1120;
				LastUpgradeCheck = 1120;
				ORGANIZATIONNAME = qw;
				TargetAttributes = {
					D2D7690B23BE2C08001485E1 = {
						CreatedOnToolsVersion = 11.2.1;
					};
				};
			};
			buildConfigurationList = D2D7690723BE2C08001485E1 /* Build configuration list for PBXProject "Work It" */;
			compatibilityVersion = "Xcode 9.3";
			developmentRegion = en;
			hasScannedForEncodings = 0;
			knownRegions = (
				en,
				Base,
				es,
			);
			mainGroup = D2D7690323BE2C08001485E1;
			productRefGroup = D2D7690D23BE2C08001485E1 /* Products */;
			projectDirPath = "";
			projectRoot = "";
			targets = (
				D2D7690B23BE2C08001485E1 /* Work It */,
			);
		};
/* End PBXProject section */

/* Begin PBXResourcesBuildPhase section */
		D2D7690A23BE2C08001485E1 /* Resources */ = {
			isa = PBXResourcesBuildPhase;
			buildActionMask = 2147483647;
			files = (
				4F0E7A1C251787A5002A5916 /* Poppins-Black.ttf in Resources */,
				4F0E7A1D251787A5002A5916 /* Poppins-BlackItalic.ttf in Resources */,
				4F0E7A1E251787A5002A5916 /* Poppins-Bold.ttf in Resources */,
				4F0E7A1F251787A5002A5916 /* Poppins-BoldItalic.ttf in Resources */,
				4F0E7A20251787A5002A5916 /* Poppins-ExtraBold.ttf in Resources */,
				4F0E7A21251787A5002A5916 /* Poppins-ExtraBoldItalic.ttf in Resources */,
				4F0E7A22251787A5002A5916 /* Poppins-ExtraLight.ttf in Resources */,
				4F0E7A23251787A5002A5916 /* Poppins-ExtraLightItalic.ttf in Resources */,
				4F0E7A24251787A5002A5916 /* Poppins-Italic.ttf in Resources */,
				4F0E7A25251787A5002A5916 /* Poppins-Light.ttf in Resources */,
				4F0E7A26251787A5002A5916 /* Poppins-LightItalic.ttf in Resources */,
				4F0E7A27251787A5002A5916 /* Poppins-Medium.ttf in Resources */,
				4F0E7A28251787A5002A5916 /* Poppins-MediumItalic.ttf in Resources */,
				4F0E7A29251787A5002A5916 /* Poppins-Regular.ttf in Resources */,
				4F0E7A2A251787A5002A5916 /* Poppins-SemiBold.ttf in Resources */,
				4F0E7A2B251787A5002A5916 /* Poppins-SemiBoldItalic.ttf in Resources */,
				4F0E7A2C251787A5002A5916 /* Poppins-Thin.ttf in Resources */,
				4F0E7A2D251787A5002A5916 /* Poppins-ThinItalic.ttf in Resources */,
				D2801C3623D6F227001AD735 /* RobotoMono-Regular.ttf in Resources */,
				D2D7691C23BE2C0C001485E1 /* LaunchScreen.storyboard in Resources */,
				D277A8852436162F0010A5F5 /* Verdana Bold.ttf in Resources */,
				D255720524027A5B008444E1 /* GoogleService-Info.plist in Resources */,
				4FADC48D24E5F98800882BFA /* Home.storyboard in Resources */,
				D244A3332421D8490098B6FD /* firebaseConfigInfo.plist in Resources */,
				4F5DC1C024D4696C0076FCDF /* signup.storyboard in Resources */,
				4F8666FF2516D36F0069E8E5 /* search_worker.json in Resources */,
				4F5DC1BE24CFB4780076FCDF /* HomeWorker.storyboard in Resources */,
				4F08B74824E5B6B7004FE8F7 /* OFL.txt in Resources */,
				4F8667012516D7AB0069E8E5 /* home.json in Resources */,
				4FADC49224E8862800882BFA /* support.json in Resources */,
				4FADC49024E7458F00882BFA /* chat.json in Resources */,
				D2E2EEB023E2D865006315C3 /* verdana.ttf in Resources */,
				D2801C3823D6F227001AD735 /* RobotoMono-Bold.ttf in Resources */,
				D2D7691923BE2C0C001485E1 /* Assets.xcassets in Resources */,
				4F5F008124F1BE8300246CB6 /* CustomSectionHeader.xib in Resources */,
				D2801C3723D6F227001AD735 /* RobotoMono-Medium.ttf in Resources */,
				D2D7691723BE2C08001485E1 /* Main.storyboard in Resources */,
				D2E124B024090DD6009DF90A /* MapView.xib in Resources */,
			);
			runOnlyForDeploymentPostprocessing = 0;
		};
/* End PBXResourcesBuildPhase section */

/* Begin PBXShellScriptBuildPhase section */
		508A52F57B13D572950AB8C5 /* [CP] Check Pods Manifest.lock */ = {
			isa = PBXShellScriptBuildPhase;
			buildActionMask = 2147483647;
			files = (
			);
			inputFileListPaths = (
			);
			inputPaths = (
				"${PODS_PODFILE_DIR_PATH}/Podfile.lock",
				"${PODS_ROOT}/Manifest.lock",
			);
			name = "[CP] Check Pods Manifest.lock";
			outputFileListPaths = (
			);
			outputPaths = (
				"$(DERIVED_FILE_DIR)/Pods-Work It-checkManifestLockResult.txt",
			);
			runOnlyForDeploymentPostprocessing = 0;
			shellPath = /bin/sh;
			shellScript = "diff \"${PODS_PODFILE_DIR_PATH}/Podfile.lock\" \"${PODS_ROOT}/Manifest.lock\" > /dev/null\nif [ $? != 0 ] ; then\n    # print error to STDERR\n    echo \"error: The sandbox is not in sync with the Podfile.lock. Run 'pod install' or update your CocoaPods installation.\" >&2\n    exit 1\nfi\n# This output is used by Xcode 'outputs' to avoid re-running this script phase.\necho \"SUCCESS\" > \"${SCRIPT_OUTPUT_FILE_0}\"\n";
			showEnvVarsInLog = 0;
		};
		878B0E2DBFB7499762E533A4 /* [CP] Embed Pods Frameworks */ = {
			isa = PBXShellScriptBuildPhase;
			buildActionMask = 2147483647;
			files = (
			);
			inputFileListPaths = (
				"${PODS_ROOT}/Target Support Files/Pods-Work It/Pods-Work It-frameworks-${CONFIGURATION}-input-files.xcfilelist",
			);
			name = "[CP] Embed Pods Frameworks";
			outputFileListPaths = (
				"${PODS_ROOT}/Target Support Files/Pods-Work It/Pods-Work It-frameworks-${CONFIGURATION}-output-files.xcfilelist",
			);
			runOnlyForDeploymentPostprocessing = 0;
			shellPath = /bin/sh;
			shellScript = "\"${PODS_ROOT}/Target Support Files/Pods-Work It/Pods-Work It-frameworks.sh\"\n";
			showEnvVarsInLog = 0;
		};
		9F38508F77DA5548D70AB776 /* [CP] Copy Pods Resources */ = {
			isa = PBXShellScriptBuildPhase;
			buildActionMask = 2147483647;
			files = (
			);
			inputFileListPaths = (
				"${PODS_ROOT}/Target Support Files/Pods-Work It/Pods-Work It-resources-${CONFIGURATION}-input-files.xcfilelist",
			);
			name = "[CP] Copy Pods Resources";
			outputFileListPaths = (
				"${PODS_ROOT}/Target Support Files/Pods-Work It/Pods-Work It-resources-${CONFIGURATION}-output-files.xcfilelist",
			);
			runOnlyForDeploymentPostprocessing = 0;
			shellPath = /bin/sh;
			shellScript = "\"${PODS_ROOT}/Target Support Files/Pods-Work It/Pods-Work It-resources.sh\"\n";
			showEnvVarsInLog = 0;
		};
/* End PBXShellScriptBuildPhase section */

/* Begin PBXSourcesBuildPhase section */
		D2D7690823BE2C08001485E1 /* Sources */ = {
			isa = PBXSourcesBuildPhase;
			buildActionMask = 2147483647;
			files = (
				D2D7695B23BE2CC2001485E1 /* CallAPIViewController.swift in Sources */,
				D28BD95F23BF548C0012ADDC /* DashboardViewController.swift in Sources */,
				D25BFAA023C047FF00CBB4DE /* SideDrawerViewController.swift in Sources */,
				4FFE072124E1C002007029A2 /* HomeViewController.swift in Sources */,
				4F8D8AF724DD8E75006E7A68 /* String+Validation.swift in Sources */,
				D25BFAA523C0486200CBB4DE /* ReceivedJobViewController.swift in Sources */,
				4F5F008024F1BE8300246CB6 /* CustomSectionHeader.swift in Sources */,
				D2E124BB240948A9009DF90A /* SlidingButton.swift in Sources */,
				D2D7695523BE2CC2001485E1 /* Router.swift in Sources */,
				4F908E9624C9E7AB008F524C /* RatingViewController.swift in Sources */,
				D25DEA3E2410C67A00924557 /* SuccessMsgViewController.swift in Sources */,
				D28BD95C23BF528D0012ADDC /* SignupViewController.swift in Sources */,
				D2E124B624091BC4009DF90A /* RunningJobViewController.swift in Sources */,
				D25BFAA323C0485800CBB4DE /* PostedJobViewController.swift in Sources */,
				D2BBC54623CD8DFA007D85B5 /* PaymentViewController.swift in Sources */,
				D2E124B824094523009DF90A /* StartJobViewController.swift in Sources */,
				D25BFA9A23C047BC00CBB4DE /* InboxViewController.swift in Sources */,
				D25B8B8723CD84FC00F35416 /* FilterViewController.swift in Sources */,
				D25BFA9E23C047E600CBB4DE /* EvaluationViewController.swift in Sources */,
				D2D7695723BE2CC2001485E1 /* NavigationViewController.swift in Sources */,
				D29D075323C4C77F00401B8C /* CategoryListViewController.swift in Sources */,
				D25B8B8023CD7B7200F35416 /* ViewJobViewController.swift in Sources */,
				D2D7695323BE2CC2001485E1 /* Model.swift in Sources */,
				D2D0627D2484C4B7003CD091 /* AccountPageViewController.swift in Sources */,
				D2BBC54423CD8BF5007D85B5 /* AcceptJobViewController.swift in Sources */,
				D25BFA9823C047AF00CBB4DE /* SupportViewController.swift in Sources */,
				D2085A4D2487693F00F58742 /* VendorReviewsViewController.swift in Sources */,
				D250142A23C5969C0053373D /* JobDetailViewController.swift in Sources */,
				D25BFA9023C0477600CBB4DE /* ProfileViewController.swift in Sources */,
				D25BFAA723C051D100CBB4DE /* PostJobViewController.swift in Sources */,
				D266D11A23BF35F90026FE3A /* LoginViewController.swift in Sources */,
				D2D7694F23BE2CC2001485E1 /* Extensions.swift in Sources */,
				4FFE071F24E09AC6007029A2 /* MainTabViewController.swift in Sources */,
				D28BD95A23BF4A3E0012ADDC /* ResetPasswordViewController.swift in Sources */,
				D2D7695023BE2CC2001485E1 /* Singleton.swift in Sources */,
				D2B714F124A716370023CFC2 /* CalendarDetailViewController.swift in Sources */,
				D2A173CB249B5C5C0077FA50 /* ScheduleCalenderViewController.swift in Sources */,
				D2EF187E244B07B7001DCDC5 /* AccountSettingViewController.swift in Sources */,
				D2E124B424091BB2009DF90A /* BidPlacedViewController.swift in Sources */,
				D2A173CD249BE9C50077FA50 /* DatePickerView.swift in Sources */,
				D2D7695623BE2CC2001485E1 /* ActivityIndicator.swift in Sources */,
				D2D0627F2484CC4D003CD091 /* AccountsViewController.swift in Sources */,
				D2D7695223BE2CC2001485E1 /* PickerViewController.swift in Sources */,
				D2196B2323CC9D5800DC9572 /* ChatViewController.swift in Sources */,
				D25BFA9223C0478200CBB4DE /* HistoryViewController.swift in Sources */,
				D2D7695A23BE2CC2001485E1 /* Constants.swift in Sources */,
				4FF6E5D624D9DCD000867B98 /* NewSignupViewController.swift in Sources */,
				D25BFA9623C047A200CBB4DE /* PrivacyPolicyViewController.swift in Sources */,
				D25B8B8223CD7BAF00F35416 /* AccountDetailViewController.swift in Sources */,
				D266D11823BF35EF0026FE3A /* WelcomeViewController.swift in Sources */,
				D2D7695123BE2CC2001485E1 /* DatePickerViewController.swift in Sources */,
				D24F213923E7F6DB0062BE72 /* ImagePickerViewController.swift in Sources */,
				D2D7695923BE2CC2001485E1 /* SessionManager.swift in Sources */,
				D25B8B8423CD7EE100F35416 /* ChooseOptionViewController.swift in Sources */,
				D2D7691023BE2C08001485E1 /* AppDelegate.swift in Sources */,
				D29D075123C4C3CB00401B8C /* HistoryPageViewController.swift in Sources */,
				D2D7695823BE2CC2001485E1 /* ParentViewController.swift in Sources */,
				D2F2D1AC23BF40B50086E13D /* ForgotPasswordViewController.swift in Sources */,
				D25BFA9423C0478C00CBB4DE /* NotificationViewController.swift in Sources */,
				D22BAAFE23D5EAEB0060001A /* CreditViewController.swift in Sources */,
				D27F08DC23CEDC15007A85E2 /* SubCategoryViewController.swift in Sources */,
				D2E124B124090DD6009DF90A /* MapVc.swift in Sources */,
				D2D7695423BE2CC2001485E1 /* DesignableCode.swift in Sources */,
				4F8D8AF424DCE9E2006E7A68 /* UIViewControlller+Header.swift in Sources */,
				D263C7F5247CE39900ED656E /* CaptureIdCardViewController.swift in Sources */,
				D2D7694E23BE2CC2001485E1 /* Protocol.swift in Sources */,
				D2B4D4AC24633A260025CD0F /* MapViewController.swift in Sources */,
			);
			runOnlyForDeploymentPostprocessing = 0;
		};
/* End PBXSourcesBuildPhase section */

/* Begin PBXVariantGroup section */
		D2D7691523BE2C08001485E1 /* Main.storyboard */ = {
			isa = PBXVariantGroup;
			children = (
				D2D7691623BE2C08001485E1 /* Base */,
				4FF6E5DE24DA2E1A00867B98 /* es */,
			);
			name = Main.storyboard;
			sourceTree = "<group>";
		};
		D2D7691A23BE2C0C001485E1 /* LaunchScreen.storyboard */ = {
			isa = PBXVariantGroup;
			children = (
				D2D7691B23BE2C0C001485E1 /* Base */,
				4FF6E5DF24DA2E1B00867B98 /* es */,
			);
			name = LaunchScreen.storyboard;
			sourceTree = "<group>";
		};
/* End PBXVariantGroup section */

/* Begin XCBuildConfiguration section */
		D2D7693423BE2C0C001485E1 /* Debug */ = {
			isa = XCBuildConfiguration;
			buildSettings = {
				ALWAYS_SEARCH_USER_PATHS = NO;
				CLANG_ANALYZER_LOCALIZABILITY_NONLOCALIZED = YES;
				CLANG_ANALYZER_NONNULL = YES;
				CLANG_ANALYZER_NUMBER_OBJECT_CONVERSION = YES_AGGRESSIVE;
				CLANG_CXX_LANGUAGE_STANDARD = "gnu++14";
				CLANG_CXX_LIBRARY = "libc++";
				CLANG_ENABLE_MODULES = YES;
				CLANG_ENABLE_OBJC_ARC = YES;
				CLANG_ENABLE_OBJC_WEAK = YES;
				CLANG_WARN_BLOCK_CAPTURE_AUTORELEASING = YES;
				CLANG_WARN_BOOL_CONVERSION = YES;
				CLANG_WARN_COMMA = YES;
				CLANG_WARN_CONSTANT_CONVERSION = YES;
				CLANG_WARN_DEPRECATED_OBJC_IMPLEMENTATIONS = YES;
				CLANG_WARN_DIRECT_OBJC_ISA_USAGE = YES_ERROR;
				CLANG_WARN_DOCUMENTATION_COMMENTS = YES;
				CLANG_WARN_EMPTY_BODY = YES;
				CLANG_WARN_ENUM_CONVERSION = YES;
				CLANG_WARN_INFINITE_RECURSION = YES;
				CLANG_WARN_INT_CONVERSION = YES;
				CLANG_WARN_NON_LITERAL_NULL_CONVERSION = YES;
				CLANG_WARN_OBJC_IMPLICIT_RETAIN_SELF = YES;
				CLANG_WARN_OBJC_LITERAL_CONVERSION = YES;
				CLANG_WARN_OBJC_ROOT_CLASS = YES_ERROR;
				CLANG_WARN_RANGE_LOOP_ANALYSIS = YES;
				CLANG_WARN_STRICT_PROTOTYPES = YES;
				CLANG_WARN_SUSPICIOUS_MOVE = YES;
				CLANG_WARN_UNGUARDED_AVAILABILITY = YES_AGGRESSIVE;
				CLANG_WARN_UNREACHABLE_CODE = YES;
				CLANG_WARN__DUPLICATE_METHOD_MATCH = YES;
				COPY_PHASE_STRIP = NO;
				DEBUG_INFORMATION_FORMAT = dwarf;
				ENABLE_STRICT_OBJC_MSGSEND = YES;
				ENABLE_TESTABILITY = YES;
				GCC_C_LANGUAGE_STANDARD = gnu11;
				GCC_DYNAMIC_NO_PIC = NO;
				GCC_NO_COMMON_BLOCKS = YES;
				GCC_OPTIMIZATION_LEVEL = 0;
				GCC_PREPROCESSOR_DEFINITIONS = (
					"DEBUG=1",
					"$(inherited)",
				);
				GCC_WARN_64_TO_32_BIT_CONVERSION = YES;
				GCC_WARN_ABOUT_RETURN_TYPE = YES_ERROR;
				GCC_WARN_UNDECLARED_SELECTOR = YES;
				GCC_WARN_UNINITIALIZED_AUTOS = YES_AGGRESSIVE;
				GCC_WARN_UNUSED_FUNCTION = YES;
				GCC_WARN_UNUSED_VARIABLE = YES;
				IPHONEOS_DEPLOYMENT_TARGET = 13.2;
				MTL_ENABLE_DEBUG_INFO = INCLUDE_SOURCE;
				MTL_FAST_MATH = YES;
				ONLY_ACTIVE_ARCH = YES;
				SDKROOT = iphoneos;
				SWIFT_ACTIVE_COMPILATION_CONDITIONS = DEBUG;
				SWIFT_OPTIMIZATION_LEVEL = "-Onone";
			};
			name = Debug;
		};
		D2D7693523BE2C0C001485E1 /* Release */ = {
			isa = XCBuildConfiguration;
			buildSettings = {
				ALWAYS_SEARCH_USER_PATHS = NO;
				CLANG_ANALYZER_LOCALIZABILITY_NONLOCALIZED = YES;
				CLANG_ANALYZER_NONNULL = YES;
				CLANG_ANALYZER_NUMBER_OBJECT_CONVERSION = YES_AGGRESSIVE;
				CLANG_CXX_LANGUAGE_STANDARD = "gnu++14";
				CLANG_CXX_LIBRARY = "libc++";
				CLANG_ENABLE_MODULES = YES;
				CLANG_ENABLE_OBJC_ARC = YES;
				CLANG_ENABLE_OBJC_WEAK = YES;
				CLANG_WARN_BLOCK_CAPTURE_AUTORELEASING = YES;
				CLANG_WARN_BOOL_CONVERSION = YES;
				CLANG_WARN_COMMA = YES;
				CLANG_WARN_CONSTANT_CONVERSION = YES;
				CLANG_WARN_DEPRECATED_OBJC_IMPLEMENTATIONS = YES;
				CLANG_WARN_DIRECT_OBJC_ISA_USAGE = YES_ERROR;
				CLANG_WARN_DOCUMENTATION_COMMENTS = YES;
				CLANG_WARN_EMPTY_BODY = YES;
				CLANG_WARN_ENUM_CONVERSION = YES;
				CLANG_WARN_INFINITE_RECURSION = YES;
				CLANG_WARN_INT_CONVERSION = YES;
				CLANG_WARN_NON_LITERAL_NULL_CONVERSION = YES;
				CLANG_WARN_OBJC_IMPLICIT_RETAIN_SELF = YES;
				CLANG_WARN_OBJC_LITERAL_CONVERSION = YES;
				CLANG_WARN_OBJC_ROOT_CLASS = YES_ERROR;
				CLANG_WARN_RANGE_LOOP_ANALYSIS = YES;
				CLANG_WARN_STRICT_PROTOTYPES = YES;
				CLANG_WARN_SUSPICIOUS_MOVE = YES;
				CLANG_WARN_UNGUARDED_AVAILABILITY = YES_AGGRESSIVE;
				CLANG_WARN_UNREACHABLE_CODE = YES;
				CLANG_WARN__DUPLICATE_METHOD_MATCH = YES;
				COPY_PHASE_STRIP = NO;
				DEBUG_INFORMATION_FORMAT = "dwarf-with-dsym";
				ENABLE_NS_ASSERTIONS = NO;
				ENABLE_STRICT_OBJC_MSGSEND = YES;
				GCC_C_LANGUAGE_STANDARD = gnu11;
				GCC_NO_COMMON_BLOCKS = YES;
				GCC_WARN_64_TO_32_BIT_CONVERSION = YES;
				GCC_WARN_ABOUT_RETURN_TYPE = YES_ERROR;
				GCC_WARN_UNDECLARED_SELECTOR = YES;
				GCC_WARN_UNINITIALIZED_AUTOS = YES_AGGRESSIVE;
				GCC_WARN_UNUSED_FUNCTION = YES;
				GCC_WARN_UNUSED_VARIABLE = YES;
				IPHONEOS_DEPLOYMENT_TARGET = 13.2;
				MTL_ENABLE_DEBUG_INFO = NO;
				MTL_FAST_MATH = YES;
				SDKROOT = iphoneos;
				SWIFT_COMPILATION_MODE = wholemodule;
				SWIFT_OPTIMIZATION_LEVEL = "-O";
				VALIDATE_PRODUCT = YES;
			};
			name = Release;
		};
		D2D7693723BE2C0C001485E1 /* Debug */ = {
			isa = XCBuildConfiguration;
			baseConfigurationReference = F7D47F9D32CC9583755B752E /* Pods-Work It.debug.xcconfig */;
			buildSettings = {
				ASSETCATALOG_COMPILER_APPICON_NAME = AppIcon;
				CODE_SIGN_ENTITLEMENTS = "Work It/Work It.entitlements";
				CODE_SIGN_IDENTITY = "Apple Development: Sagar Pandit (2HHVJFS6A3)";
				CODE_SIGN_STYLE = Manual;
				DEBUG_INFORMATION_FORMAT = "dwarf-with-dsym";
				DEVELOPMENT_TEAM = V6W7VB43FV;
				GCC_OPTIMIZATION_LEVEL = 0;
				INFOPLIST_FILE = "Work It/Info.plist";
				IPHONEOS_DEPLOYMENT_TARGET = 11.0;
				LD_RUNPATH_SEARCH_PATHS = (
					"$(inherited)",
					"@executable_path/Frameworks",
				);
				ONLY_ACTIVE_ARCH = YES;
				OTHER_SWIFT_FLAGS = "$(inherited) -D COCOAPODS -Xfrontend -warn-long-function-bodies=100 -Xfrontend -warn-long-expression-type-checking=100";
				PRODUCT_BUNDLE_IDENTIFIER = "workit.Work-It";
				PRODUCT_NAME = "$(TARGET_NAME)";
				PROVISIONING_PROFILE_SPECIFIER = "WorkIt Development";
				SWIFT_VERSION = 5.0;
				TARGETED_DEVICE_FAMILY = "1,2";
			};
			name = Debug;
		};
		D2D7693823BE2C0C001485E1 /* Release */ = {
			isa = XCBuildConfiguration;
			baseConfigurationReference = 40DA953440E833DE0F746DA9 /* Pods-Work It.release.xcconfig */;
			buildSettings = {
				ASSETCATALOG_COMPILER_APPICON_NAME = AppIcon;
				CODE_SIGN_ENTITLEMENTS = "Work It/Work It.entitlements";
				CODE_SIGN_IDENTITY = "Apple Development: Sagar Pandit (2HHVJFS6A3)";
				CODE_SIGN_STYLE = Manual;
				DEBUG_INFORMATION_FORMAT = "dwarf-with-dsym";
				DEVELOPMENT_TEAM = V6W7VB43FV;
				GCC_OPTIMIZATION_LEVEL = 0;
				INFOPLIST_FILE = "Work It/Info.plist";
				IPHONEOS_DEPLOYMENT_TARGET = 11.0;
				LD_RUNPATH_SEARCH_PATHS = (
					"$(inherited)",
					"@executable_path/Frameworks",
				);
				ONLY_ACTIVE_ARCH = YES;
				OTHER_SWIFT_FLAGS = "$(inherited) -D COCOAPODS -Xfrontend -warn-long-function-bodies=100 -Xfrontend -warn-long-expression-type-checking=100";
				PRODUCT_BUNDLE_IDENTIFIER = "workit.Work-It";
				PRODUCT_NAME = "$(TARGET_NAME)";
				PROVISIONING_PROFILE_SPECIFIER = "WorkIt Development";
				SWIFT_VERSION = 5.0;
				TARGETED_DEVICE_FAMILY = "1,2";
			};
			name = Release;
		};
/* End XCBuildConfiguration section */

/* Begin XCConfigurationList section */
		D2D7690723BE2C08001485E1 /* Build configuration list for PBXProject "Work It" */ = {
			isa = XCConfigurationList;
			buildConfigurations = (
				D2D7693423BE2C0C001485E1 /* Debug */,
				D2D7693523BE2C0C001485E1 /* Release */,
			);
			defaultConfigurationIsVisible = 0;
			defaultConfigurationName = Release;
		};
		D2D7693623BE2C0C001485E1 /* Build configuration list for PBXNativeTarget "Work It" */ = {
			isa = XCConfigurationList;
			buildConfigurations = (
				D2D7693723BE2C0C001485E1 /* Debug */,
				D2D7693823BE2C0C001485E1 /* Release */,
			);
			defaultConfigurationIsVisible = 0;
			defaultConfigurationName = Release;
		};
/* End XCConfigurationList section */
	};
	rootObject = D2D7690423BE2C08001485E1 /* Project object */;
}
